
Microsoft Visual Studio Solution File, Format Version 12.00
# Visual Studio 2013
VisualStudioVersion = 12.0.21005.1
MinimumVisualStudioVersion = 10.0.40219.1
Project("{2150E333-8FDC-42A3-9474-1A3956D46DE8}") = "Solution Items", "Solution Items", "{DF247F10-B0B9-480B-B8B6-1A770658D5B1}"
	ProjectSection(SolutionItems) = preProject
		index.htm = index.htm
		todo.txt = todo.txt
	EndProjectSection
EndProject
Project("{FAE04EC0-301F-11D3-BF4B-00C04F79EFBC}") = "Photo.org", "Photo.org\Photo.org.csproj", "{DFC636A0-B8CF-4025-B9AD-68AF89E07D60}"
EndProject
Global
	GlobalSection(SolutionConfigurationPlatforms) = preSolution
		Debug|Any CPU = Debug|Any CPU
		Debug|x86 = Debug|x86
		Release|Any CPU = Release|Any CPU
		Release|x86 = Release|x86
	EndGlobalSection
	GlobalSection(ProjectConfigurationPlatforms) = postSolution
		{DFC636A0-B8CF-4025-B9AD-68AF89E07D60}.Debug|Any CPU.ActiveCfg = Debug|Any CPU
		{DFC636A0-B8CF-4025-B9AD-68AF89E07D60}.Debug|Any CPU.Build.0 = Debug|Any CPU
		{DFC636A0-B8CF-4025-B9AD-68AF89E07D60}.Debug|x86.ActiveCfg = Debug|x86
		{DFC636A0-B8CF-4025-B9AD-68AF89E07D60}.Debug|x86.Build.0 = Debug|x86
		{DFC636A0-B8CF-4025-B9AD-68AF89E07D60}.Release|Any CPU.ActiveCfg = Release|Any CPU
		{DFC636A0-B8CF-4025-B9AD-68AF89E07D60}.Release|Any CPU.Build.0 = Release|Any CPU
		{DFC636A0-B8CF-4025-B9AD-68AF89E07D60}.Release|x86.ActiveCfg = Release|x86
		{DFC636A0-B8CF-4025-B9AD-68AF89E07D60}.Release|x86.Build.0 = Release|x86
	EndGlobalSection
	GlobalSection(SolutionProperties) = preSolution
		HideSolutionNode = FALSE
	EndGlobalSection
EndGlobal
